
Microsoft Visual Studio Solution File, Format Version 12.00
# Visual Studio 2013
VisualStudioVersion = 12.0.21005.1
MinimumVisualStudioVersion = 10.0.40219.1
Project("{8BC9CEB8-8B4A-11D0-8D11-00A0C91BC942}") = "sr_main", "sr_start\sr_start.vcxproj", "{4238772A-09DF-4ED9-9E3A-A1EC6E586C13}"
EndProject
Project("{8BC9CEB8-8B4A-11D0-8D11-00A0C91BC942}") = "SR_FileList", "SR_FileList\SR_FileList.vcxproj", "{FF705048-6F85-4DE1-A287-036DC39B0871}"
EndProject
Project("{8BC9CEB8-8B4A-11D0-8D11-00A0C91BC942}") = "SR_WaveFile", "SR_WaveFile\SR_WaveFile.vcxproj", "{2EBFEA08-BD8E-47F3-A121-F7D154A613A9}"
EndProject
Project("{8BC9CEB8-8B4A-11D0-8D11-00A0C91BC942}") = "SR_SpeechSeg", "SR_SpeechSeg\SR_SpeechSeg.vcxproj", "{D37D2E46-2D04-41F9-A830-884B1A9D3E2B}"
EndProject
Project("{8BC9CEB8-8B4A-11D0-8D11-00A0C91BC942}") = "SR_SID", "SR_SID\SR_SID.vcxproj", "{B0B20148-3667-4414-93BF-9AA245A595EC}"
EndProject
Project("{8BC9CEB8-8B4A-11D0-8D11-00A0C91BC942}") = "SR_LID", "SR_LID\SR_LID.vcxproj", "{4EF44E67-832D-4A85-8DDA-B784675FBABD}"
EndProject
Global
	GlobalSection(SolutionConfigurationPlatforms) = preSolution
		Debug|Mixed Platforms = Debug|Mixed Platforms
		Debug|Win32 = Debug|Win32
		Debug|x64 = Debug|x64
		Release|Mixed Platforms = Release|Mixed Platforms
		Release|Win32 = Release|Win32
		Release|x64 = Release|x64
	EndGlobalSection
	GlobalSection(ProjectConfigurationPlatforms) = postSolution
		{4238772A-09DF-4ED9-9E3A-A1EC6E586C13}.Debug|Mixed Platforms.ActiveCfg = Debug|x64
		{4238772A-09DF-4ED9-9E3A-A1EC6E586C13}.Debug|Mixed Platforms.Build.0 = Debug|x64
		{4238772A-09DF-4ED9-9E3A-A1EC6E586C13}.Debug|Win32.ActiveCfg = Debug|x64
		{4238772A-09DF-4ED9-9E3A-A1EC6E586C13}.Debug|Win32.Build.0 = Debug|x64
		{4238772A-09DF-4ED9-9E3A-A1EC6E586C13}.Debug|x64.ActiveCfg = Debug|x64
		{4238772A-09DF-4ED9-9E3A-A1EC6E586C13}.Debug|x64.Build.0 = Debug|x64
		{4238772A-09DF-4ED9-9E3A-A1EC6E586C13}.Release|Mixed Platforms.ActiveCfg = Release|Win32
		{4238772A-09DF-4ED9-9E3A-A1EC6E586C13}.Release|Mixed Platforms.Build.0 = Release|Win32
		{4238772A-09DF-4ED9-9E3A-A1EC6E586C13}.Release|Win32.ActiveCfg = Release|Win32
		{4238772A-09DF-4ED9-9E3A-A1EC6E586C13}.Release|Win32.Build.0 = Release|Win32
		{4238772A-09DF-4ED9-9E3A-A1EC6E586C13}.Release|x64.ActiveCfg = Release|x64
		{4238772A-09DF-4ED9-9E3A-A1EC6E586C13}.Release|x64.Build.0 = Release|x64
		{FF705048-6F85-4DE1-A287-036DC39B0871}.Debug|Mixed Platforms.ActiveCfg = Debug|x64
		{FF705048-6F85-4DE1-A287-036DC39B0871}.Debug|Mixed Platforms.Build.0 = Debug|x64
		{FF705048-6F85-4DE1-A287-036DC39B0871}.Debug|Win32.ActiveCfg = Debug|Win32
		{FF705048-6F85-4DE1-A287-036DC39B0871}.Debug|Win32.Build.0 = Debug|Win32
		{FF705048-6F85-4DE1-A287-036DC39B0871}.Debug|x64.ActiveCfg = Debug|x64
		{FF705048-6F85-4DE1-A287-036DC39B0871}.Release|Mixed Platforms.ActiveCfg = Release|Win32
		{FF705048-6F85-4DE1-A287-036DC39B0871}.Release|Mixed Platforms.Build.0 = Release|Win32
		{FF705048-6F85-4DE1-A287-036DC39B0871}.Release|Win32.ActiveCfg = Release|Win32
		{FF705048-6F85-4DE1-A287-036DC39B0871}.Release|Win32.Build.0 = Release|Win32
		{FF705048-6F85-4DE1-A287-036DC39B0871}.Release|x64.ActiveCfg = Release|Win32
		{2EBFEA08-BD8E-47F3-A121-F7D154A613A9}.Debug|Mixed Platforms.ActiveCfg = Debug|x64
		{2EBFEA08-BD8E-47F3-A121-F7D154A613A9}.Debug|Mixed Platforms.Build.0 = Debug|x64
		{2EBFEA08-BD8E-47F3-A121-F7D154A613A9}.Debug|Win32.ActiveCfg = Debug|Win32
		{2EBFEA08-BD8E-47F3-A121-F7D154A613A9}.Debug|Win32.Build.0 = Debug|Win32
		{2EBFEA08-BD8E-47F3-A121-F7D154A613A9}.Debug|x64.ActiveCfg = Debug|x64
		{2EBFEA08-BD8E-47F3-A121-F7D154A613A9}.Release|Mixed Platforms.ActiveCfg = Release|Win32
		{2EBFEA08-BD8E-47F3-A121-F7D154A613A9}.Release|Mixed Platforms.Build.0 = Release|Win32
		{2EBFEA08-BD8E-47F3-A121-F7D154A613A9}.Release|Win32.ActiveCfg = Release|Win32
		{2EBFEA08-BD8E-47F3-A121-F7D154A613A9}.Release|Win32.Build.0 = Release|Win32
		{2EBFEA08-BD8E-47F3-A121-F7D154A613A9}.Release|x64.ActiveCfg = Release|Win32
		{D37D2E46-2D04-41F9-A830-884B1A9D3E2B}.Debug|Mixed Platforms.ActiveCfg = Debug|x64
		{D37D2E46-2D04-41F9-A830-884B1A9D3E2B}.Debug|Mixed Platforms.Build.0 = Debug|x64
		{D37D2E46-2D04-41F9-A830-884B1A9D3E2B}.Debug|Win32.ActiveCfg = Debug|Win32
		{D37D2E46-2D04-41F9-A830-884B1A9D3E2B}.Debug|Win32.Build.0 = Debug|Win32
		{D37D2E46-2D04-41F9-A830-884B1A9D3E2B}.Debug|x64.ActiveCfg = Debug|x64
		{D37D2E46-2D04-41F9-A830-884B1A9D3E2B}.Release|Mixed Platforms.ActiveCfg = Release|Win32
		{D37D2E46-2D04-41F9-A830-884B1A9D3E2B}.Release|Mixed Platforms.Build.0 = Release|Win32
		{D37D2E46-2D04-41F9-A830-884B1A9D3E2B}.Release|Win32.ActiveCfg = Release|Win32
		{D37D2E46-2D04-41F9-A830-884B1A9D3E2B}.Release|Win32.Build.0 = Release|Win32
		{D37D2E46-2D04-41F9-A830-884B1A9D3E2B}.Release|x64.ActiveCfg = Release|Win32
		{B0B20148-3667-4414-93BF-9AA245A595EC}.Debug|Mixed Platforms.ActiveCfg = Debug|Win32
		{B0B20148-3667-4414-93BF-9AA245A595EC}.Debug|Mixed Platforms.Build.0 = Debug|Win32
		{B0B20148-3667-4414-93BF-9AA245A595EC}.Debug|Win32.ActiveCfg = Debug|Win32
		{B0B20148-3667-4414-93BF-9AA245A595EC}.Debug|Win32.Build.0 = Debug|Win32
		{B0B20148-3667-4414-93BF-9AA245A595EC}.Debug|x64.ActiveCfg = Debug|x64
		{B0B20148-3667-4414-93BF-9AA245A595EC}.Release|Mixed Platforms.ActiveCfg = Release|Win32
		{B0B20148-3667-4414-93BF-9AA245A595EC}.Release|Mixed Platforms.Build.0 = Release|Win32
		{B0B20148-3667-4414-93BF-9AA245A595EC}.Release|Win32.ActiveCfg = Release|Win32
		{B0B20148-3667-4414-93BF-9AA245A595EC}.Release|Win32.Build.0 = Release|Win32
		{B0B20148-3667-4414-93BF-9AA245A595EC}.Release|x64.ActiveCfg = Release|Win32
		{4EF44E67-832D-4A85-8DDA-B784675FBABD}.Debug|Mixed Platforms.ActiveCfg = Debug|Win32
		{4EF44E67-832D-4A85-8DDA-B784675FBABD}.Debug|Mixed Platforms.Build.0 = Debug|Win32
		{4EF44E67-832D-4A85-8DDA-B784675FBABD}.Debug|Win32.ActiveCfg = Debug|Win32
		{4EF44E67-832D-4A85-8DDA-B784675FBABD}.Debug|Win32.Build.0 = Debug|Win32
		{4EF44E67-832D-4A85-8DDA-B784675FBABD}.Debug|x64.ActiveCfg = Debug|x64
		{4EF44E67-832D-4A85-8DDA-B784675FBABD}.Release|Mixed Platforms.ActiveCfg = Release|Win32
		{4EF44E67-832D-4A85-8DDA-B784675FBABD}.Release|Mixed Platforms.Build.0 = Release|Win32
		{4EF44E67-832D-4A85-8DDA-B784675FBABD}.Release|Win32.ActiveCfg = Release|Win32
		{4EF44E67-832D-4A85-8DDA-B784675FBABD}.Release|Win32.Build.0 = Release|Win32
		{4EF44E67-832D-4A85-8DDA-B784675FBABD}.Release|x64.ActiveCfg = Release|Win32
	EndGlobalSection
	GlobalSection(SolutionProperties) = preSolution
		HideSolutionNode = FALSE
	EndGlobalSection
EndGlobal
